
Microsoft Visual Studio Solution File, Format Version 12.00
# Visual Studio 15
VisualStudioVersion = 15.0.27703.1
MinimumVisualStudioVersion = 10.0.40219.1
Project("{FAE04EC0-301F-11D3-BF4B-00C04F79EFBC}") = "Helloworld3", "Helloworld3\Helloworld3.csproj", "{A557A042-7012-4031-849F-975FA1DACD67}"
EndProject
Global
	GlobalSection(SolutionConfigurationPlatforms) = preSolution
		Debug|Any CPU = Debug|Any CPU
		Release|Any CPU = Release|Any CPU
	EndGlobalSection
	GlobalSection(ProjectConfigurationPlatforms) = postSolution
		{A557A042-7012-4031-849F-975FA1DACD67}.Debug|Any CPU.ActiveCfg = Debug|Any CPU
		{A557A042-7012-4031-849F-975FA1DACD67}.Debug|Any CPU.Build.0 = Debug|Any CPU
		{A557A042-7012-4031-849F-975FA1DACD67}.Release|Any CPU.ActiveCfg = Release|Any CPU
		{A557A042-7012-4031-849F-975FA1DACD67}.Release|Any CPU.Build.0 = Release|Any CPU
	EndGlobalSection
	GlobalSection(SolutionProperties) = preSolution
		HideSolutionNode = FALSE
	EndGlobalSection
	GlobalSection(ExtensibilityGlobals) = postSolution
		SolutionGuid = {617766E1-6FB8-4569-91B2-BDE46F02FAB4}
	EndGlobalSection
EndGlobal
